
Microsoft Visual Studio Solution File, Format Version 12.00
# Visual Studio Version 16
VisualStudioVersion = 16.0.29709.97
MinimumVisualStudioVersion = 10.0.40219.1
Project("{FAE04EC0-301F-11D3-BF4B-00C04F79EFBC}") = "AsteroidGame", "AsteroidGame\AsteroidGame.csproj", "{A90FBC55-0F4D-419A-8F2B-444419FA33E6}"
EndProject
Project("{FAE04EC0-301F-11D3-BF4B-00C04F79EFBC}") = "Lesson2Task1", "Lesson2Task1\Lesson2Task1.csproj", "{DD545130-D807-4D4F-AE31-0C282506CBAA}"
EndProject
Project("{FAE04EC0-301F-11D3-BF4B-00C04F79EFBC}") = "WPFLesson5", "WPFLesson5\WPFLesson5.csproj", "{0ECB5758-EBDF-45C5-9965-C7C840EEADCD}"
EndProject
Project("{FAE04EC0-301F-11D3-BF4B-00C04F79EFBC}") = "WPFLesson6", "WPFLesson6\WPFLesson6.csproj", "{ED64ED03-7AC2-49D8-95FE-4B991F2B641A}"
EndProject
Project("{FAE04EC0-301F-11D3-BF4B-00C04F79EFBC}") = "WcfService1", "WcfService1\WcfService1.csproj", "{1409CB5D-FB3C-413F-B81B-18258AC269C9}"
EndProject
Global
	GlobalSection(SolutionConfigurationPlatforms) = preSolution
		Debug|Any CPU = Debug|Any CPU
		Release|Any CPU = Release|Any CPU
	EndGlobalSection
	GlobalSection(ProjectConfigurationPlatforms) = postSolution
		{A90FBC55-0F4D-419A-8F2B-444419FA33E6}.Debug|Any CPU.ActiveCfg = Debug|Any CPU
		{A90FBC55-0F4D-419A-8F2B-444419FA33E6}.Debug|Any CPU.Build.0 = Debug|Any CPU
		{A90FBC55-0F4D-419A-8F2B-444419FA33E6}.Release|Any CPU.ActiveCfg = Release|Any CPU
		{A90FBC55-0F4D-419A-8F2B-444419FA33E6}.Release|Any CPU.Build.0 = Release|Any CPU
		{DD545130-D807-4D4F-AE31-0C282506CBAA}.Debug|Any CPU.ActiveCfg = Debug|Any CPU
		{DD545130-D807-4D4F-AE31-0C282506CBAA}.Debug|Any CPU.Build.0 = Debug|Any CPU
		{DD545130-D807-4D4F-AE31-0C282506CBAA}.Release|Any CPU.ActiveCfg = Release|Any CPU
		{DD545130-D807-4D4F-AE31-0C282506CBAA}.Release|Any CPU.Build.0 = Release|Any CPU
		{0ECB5758-EBDF-45C5-9965-C7C840EEADCD}.Debug|Any CPU.ActiveCfg = Debug|Any CPU
		{0ECB5758-EBDF-45C5-9965-C7C840EEADCD}.Debug|Any CPU.Build.0 = Debug|Any CPU
		{0ECB5758-EBDF-45C5-9965-C7C840EEADCD}.Release|Any CPU.ActiveCfg = Release|Any CPU
		{0ECB5758-EBDF-45C5-9965-C7C840EEADCD}.Release|Any CPU.Build.0 = Release|Any CPU
		{ED64ED03-7AC2-49D8-95FE-4B991F2B641A}.Debug|Any CPU.ActiveCfg = Debug|Any CPU
		{ED64ED03-7AC2-49D8-95FE-4B991F2B641A}.Debug|Any CPU.Build.0 = Debug|Any CPU
		{ED64ED03-7AC2-49D8-95FE-4B991F2B641A}.Release|Any CPU.ActiveCfg = Release|Any CPU
		{ED64ED03-7AC2-49D8-95FE-4B991F2B641A}.Release|Any CPU.Build.0 = Release|Any CPU
		{1409CB5D-FB3C-413F-B81B-18258AC269C9}.Debug|Any CPU.ActiveCfg = Debug|Any CPU
		{1409CB5D-FB3C-413F-B81B-18258AC269C9}.Debug|Any CPU.Build.0 = Debug|Any CPU
		{1409CB5D-FB3C-413F-B81B-18258AC269C9}.Release|Any CPU.ActiveCfg = Release|Any CPU
		{1409CB5D-FB3C-413F-B81B-18258AC269C9}.Release|Any CPU.Build.0 = Release|Any CPU
	EndGlobalSection
	GlobalSection(SolutionProperties) = preSolution
		HideSolutionNode = FALSE
	EndGlobalSection
	GlobalSection(ExtensibilityGlobals) = postSolution
		SolutionGuid = {2CF1D0F1-1021-4865-9239-2AA17040E0D2}
	EndGlobalSection
EndGlobal
